
Microsoft Visual Studio Solution File, Format Version 12.00
# Visual Studio Version 16
VisualStudioVersion = 16.0.29418.71
MinimumVisualStudioVersion = 10.0.40219.1
Project("{FAE04EC0-301F-11D3-BF4B-00C04F79EFBC}") = "InventoryManager.WinForms", "InventoryManager.WinForms\InventoryManager.WinForms.csproj", "{971DC129-658C-4D2C-80A4-D0A64B839516}"
EndProject
Project("{FAE04EC0-301F-11D3-BF4B-00C04F79EFBC}") = "InventoryManager.Data", "InventoryManager.Data\InventoryManager.Data.csproj", "{89B4B163-74F8-4AC4-8172-0EEC59B21374}"
EndProject
Global
	GlobalSection(SolutionConfigurationPlatforms) = preSolution
		Debug|Any CPU = Debug|Any CPU
		Release|Any CPU = Release|Any CPU
	EndGlobalSection
	GlobalSection(ProjectConfigurationPlatforms) = postSolution
		{971DC129-658C-4D2C-80A4-D0A64B839516}.Debug|Any CPU.ActiveCfg = Debug|Any CPU
		{971DC129-658C-4D2C-80A4-D0A64B839516}.Debug|Any CPU.Build.0 = Debug|Any CPU
		{971DC129-658C-4D2C-80A4-D0A64B839516}.Release|Any CPU.ActiveCfg = Release|Any CPU
		{971DC129-658C-4D2C-80A4-D0A64B839516}.Release|Any CPU.Build.0 = Release|Any CPU
		{89B4B163-74F8-4AC4-8172-0EEC59B21374}.Debug|Any CPU.ActiveCfg = Debug|Any CPU
		{89B4B163-74F8-4AC4-8172-0EEC59B21374}.Debug|Any CPU.Build.0 = Debug|Any CPU
		{89B4B163-74F8-4AC4-8172-0EEC59B21374}.Release|Any CPU.ActiveCfg = Release|Any CPU
		{89B4B163-74F8-4AC4-8172-0EEC59B21374}.Release|Any CPU.Build.0 = Release|Any CPU
	EndGlobalSection
	GlobalSection(SolutionProperties) = preSolution
		HideSolutionNode = FALSE
	EndGlobalSection
	GlobalSection(ExtensibilityGlobals) = postSolution
		SolutionGuid = {3E74F3F5-CC94-4D61-9081-0F5D3ADC3DE9}
	EndGlobalSection
EndGlobal
